
Microsoft Visual Studio Solution File, Format Version 12.00
# Visual Studio 15
VisualStudioVersion = 15.0.27004.2005
MinimumVisualStudioVersion = 10.0.40219.1
Project("{FAE04EC0-301F-11D3-BF4B-00C04F79EFBC}") = "WcfService1", "WcfService1\WcfService1.csproj", "{7984C7D5-5F3C-4A22-A299-CAED76CCF833}"
EndProject
Project("{FAE04EC0-301F-11D3-BF4B-00C04F79EFBC}") = "ConsoleApp1", "ConsoleApp1\ConsoleApp1.csproj", "{EAD7B368-6DB1-41AD-9B4E-A2A4360223D7}"
EndProject
Project("{FAE04EC0-301F-11D3-BF4B-00C04F79EFBC}") = "MagicEightBallServiceLib", "MagicEightBallServiceLib\MagicEightBallServiceLib.csproj", "{205FE260-4AF7-4206-9DC1-39823A3F97A2}"
EndProject
Project("{FAE04EC0-301F-11D3-BF4B-00C04F79EFBC}") = "TestDemo", "TestDemo\TestDemo.csproj", "{3270264B-CC78-416F-84BF-015D34DCD969}"
EndProject
Global
	GlobalSection(SolutionConfigurationPlatforms) = preSolution
		Debug|Any CPU = Debug|Any CPU
		Release|Any CPU = Release|Any CPU
	EndGlobalSection
	GlobalSection(ProjectConfigurationPlatforms) = postSolution
		{7984C7D5-5F3C-4A22-A299-CAED76CCF833}.Debug|Any CPU.ActiveCfg = Debug|Any CPU
		{7984C7D5-5F3C-4A22-A299-CAED76CCF833}.Debug|Any CPU.Build.0 = Debug|Any CPU
		{7984C7D5-5F3C-4A22-A299-CAED76CCF833}.Release|Any CPU.ActiveCfg = Release|Any CPU
		{7984C7D5-5F3C-4A22-A299-CAED76CCF833}.Release|Any CPU.Build.0 = Release|Any CPU
		{EAD7B368-6DB1-41AD-9B4E-A2A4360223D7}.Debug|Any CPU.ActiveCfg = Debug|Any CPU
		{EAD7B368-6DB1-41AD-9B4E-A2A4360223D7}.Debug|Any CPU.Build.0 = Debug|Any CPU
		{EAD7B368-6DB1-41AD-9B4E-A2A4360223D7}.Release|Any CPU.ActiveCfg = Release|Any CPU
		{EAD7B368-6DB1-41AD-9B4E-A2A4360223D7}.Release|Any CPU.Build.0 = Release|Any CPU
		{205FE260-4AF7-4206-9DC1-39823A3F97A2}.Debug|Any CPU.ActiveCfg = Debug|Any CPU
		{205FE260-4AF7-4206-9DC1-39823A3F97A2}.Debug|Any CPU.Build.0 = Debug|Any CPU
		{205FE260-4AF7-4206-9DC1-39823A3F97A2}.Release|Any CPU.ActiveCfg = Release|Any CPU
		{205FE260-4AF7-4206-9DC1-39823A3F97A2}.Release|Any CPU.Build.0 = Release|Any CPU
		{3270264B-CC78-416F-84BF-015D34DCD969}.Debug|Any CPU.ActiveCfg = Debug|Any CPU
		{3270264B-CC78-416F-84BF-015D34DCD969}.Debug|Any CPU.Build.0 = Debug|Any CPU
		{3270264B-CC78-416F-84BF-015D34DCD969}.Release|Any CPU.ActiveCfg = Release|Any CPU
		{3270264B-CC78-416F-84BF-015D34DCD969}.Release|Any CPU.Build.0 = Release|Any CPU
	EndGlobalSection
	GlobalSection(SolutionProperties) = preSolution
		HideSolutionNode = FALSE
	EndGlobalSection
	GlobalSection(ExtensibilityGlobals) = postSolution
		SolutionGuid = {C9F96B46-697D-4C1D-A683-A4F1747CB725}
	EndGlobalSection
EndGlobal
